
Microsoft Visual Studio Solution File, Format Version 12.00
# Visual Studio Version 17
VisualStudioVersion = 17.14.36109.1
MinimumVisualStudioVersion = 10.0.40219.1
Project("{FAE04EC0-301F-11D3-BF4B-00C04F79EFBC}") = "League-API-Console-App", "League-API-Console-App.csproj", "{27DFFCF5-E5F4-4D16-A826-2A480A3EAB27}"
EndProject
Project("{2150E333-8FDC-42A3-9474-1A3956D46DE8}") = "Solution Items", "Solution Items", "{8EC462FD-D22E-90A8-E5CE-7E832BA40C5D}"
	ProjectSection(SolutionItems) = preProject
		.env = .env
	EndProjectSection
EndProject
Global
	GlobalSection(SolutionConfigurationPlatforms) = preSolution
		Debug|Any CPU = Debug|Any CPU
		Release|Any CPU = Release|Any CPU
	EndGlobalSection
	GlobalSection(ProjectConfigurationPlatforms) = postSolution
		{27DFFCF5-E5F4-4D16-A826-2A480A3EAB27}.Debug|Any CPU.ActiveCfg = Debug|Any CPU
		{27DFFCF5-E5F4-4D16-A826-2A480A3EAB27}.Debug|Any CPU.Build.0 = Debug|Any CPU
		{27DFFCF5-E5F4-4D16-A826-2A480A3EAB27}.Release|Any CPU.ActiveCfg = Release|Any CPU
		{27DFFCF5-E5F4-4D16-A826-2A480A3EAB27}.Release|Any CPU.Build.0 = Release|Any CPU
	EndGlobalSection
	GlobalSection(SolutionProperties) = preSolution
		HideSolutionNode = FALSE
	EndGlobalSection
	GlobalSection(ExtensibilityGlobals) = postSolution
		SolutionGuid = {40E7B1C7-BC58-4064-B4BB-845B15DB1B3E}
	EndGlobalSection
EndGlobal
